// !$*UTF8*$!
{
	archiveVersion = 1;
	classes = {
	};
	objectVersion = 50;
	objects = {

/* Begin PBXBuildFile section */
		5E18A5A025D44A2200374A1D /* tie.mp3 in Resources */ = {isa = PBXBuildFile; fileRef = 5E18A59F25D44A2100374A1D /* tie.mp3 */; };
		5E36094225D3B8A9009B7A2C /* PlaySound.swift in Sources */ = {isa = PBXBuildFile; fileRef = 5E36094125D3B8A9009B7A2C /* PlaySound.swift */; };
		5E36094525D3B8C7009B7A2C /* click.mp3 in Resources */ = {isa = PBXBuildFile; fileRef = 5E36094425D3B8C7009B7A2C /* click.mp3 */; };
		5E36094825D3B8CE009B7A2C /* money.mp3 in Resources */ = {isa = PBXBuildFile; fileRef = 5E36094725D3B8CE009B7A2C /* money.mp3 */; };
		5E36094B25D3B8D5009B7A2C /* lose.mp3 in Resources */ = {isa = PBXBuildFile; fileRef = 5E36094A25D3B8D5009B7A2C /* lose.mp3 */; };
		5E36094E25D3B8DA009B7A2C /* doubleWin.mp3 in Resources */ = {isa = PBXBuildFile; fileRef = 5E36094D25D3B8DA009B7A2C /* doubleWin.mp3 */; };
		5E36095125D3B8DF009B7A2C /* moneyBills.mp3 in Resources */ = {isa = PBXBuildFile; fileRef = 5E36095025D3B8DF009B7A2C /* moneyBills.mp3 */; };
		5E75DF8D25C7C45000881C63 /* blackjackApp.swift in Sources */ = {isa = PBXBuildFile; fileRef = 5E75DF8C25C7C45000881C63 /* blackjackApp.swift */; };
		5E75DF8F25C7C45000881C63 /* ContentView.swift in Sources */ = {isa = PBXBuildFile; fileRef = 5E75DF8E25C7C45000881C63 /* ContentView.swift */; };
		5E75DF9125C7C45300881C63 /* Assets.xcassets in Resources */ = {isa = PBXBuildFile; fileRef = 5E75DF9025C7C45300881C63 /* Assets.xcassets */; };
		5E75DF9425C7C45300881C63 /* Preview Assets.xcassets in Resources */ = {isa = PBXBuildFile; fileRef = 5E75DF9325C7C45300881C63 /* Preview Assets.xcassets */; };
/* End PBXBuildFile section */

/* Begin PBXFileReference section */
		5E18A59F25D44A2100374A1D /* tie.mp3 */ = {isa = PBXFileReference; lastKnownFileType = audio.mp3; path = tie.mp3; sourceTree = "<group>"; };
		5E36094125D3B8A9009B7A2C /* PlaySound.swift */ = {isa = PBXFileReference; lastKnownFileType = sourcecode.swift; path = PlaySound.swift; sourceTree = "<group>"; };
		5E36094425D3B8C7009B7A2C /* click.mp3 */ = {isa = PBXFileReference; lastKnownFileType = audio.mp3; path = click.mp3; sourceTree = "<group>"; };
		5E36094725D3B8CE009B7A2C /* money.mp3 */ = {isa = PBXFileReference; lastKnownFileType = audio.mp3; path = money.mp3; sourceTree = "<group>"; };
		5E36094A25D3B8D5009B7A2C /* lose.mp3 */ = {isa = PBXFileReference; lastKnownFileType = audio.mp3; path = lose.mp3; sourceTree = "<group>"; };
		5E36094D25D3B8DA009B7A2C /* doubleWin.mp3 */ = {isa = PBXFileReference; lastKnownFileType = audio.mp3; path = doubleWin.mp3; sourceTree = "<group>"; };
		5E36095025D3B8DF009B7A2C /* moneyBills.mp3 */ = {isa = PBXFileReference; lastKnownFileType = audio.mp3; path = moneyBills.mp3; sourceTree = "<group>"; };
		5E75DF8925C7C45000881C63 /* blackjack.app */ = {isa = PBXFileReference; explicitFileType = wrapper.application; includeInIndex = 0; path = blackjack.app; sourceTree = BUILT_PRODUCTS_DIR; };
		5E75DF8C25C7C45000881C63 /* blackjackApp.swift */ = {isa = PBXFileReference; lastKnownFileType = sourcecode.swift; path = blackjackApp.swift; sourceTree = "<group>"; };
		5E75DF8E25C7C45000881C63 /* ContentView.swift */ = {isa = PBXFileReference; lastKnownFileType = sourcecode.swift; path = ContentView.swift; sourceTree = "<group>"; };
		5E75DF9025C7C45300881C63 /* Assets.xcassets */ = {isa = PBXFileReference; lastKnownFileType = folder.assetcatalog; path = Assets.xcassets; sourceTree = "<group>"; };
		5E75DF9325C7C45300881C63 /* Preview Assets.xcassets */ = {isa = PBXFileReference; lastKnownFileType = folder.assetcatalog; path = "Preview Assets.xcassets"; sourceTree = "<group>"; };
		5E75DF9525C7C45300881C63 /* Info.plist */ = {isa = PBXFileReference; lastKnownFileType = text.plist.xml; path = Info.plist; sourceTree = "<group>"; };
/* End PBXFileReference section */

/* Begin PBXFrameworksBuildPhase section */
		5E75DF8625C7C45000881C63 /* Frameworks */ = {
			isa = PBXFrameworksBuildPhase;
			buildActionMask = 2147483647;
			files = (
			);
			runOnlyForDeploymentPostprocessing = 0;
		};
/* End PBXFrameworksBuildPhase section */

/* Begin PBXGroup section */
		5E75DF8025C7C45000881C63 = {
			isa = PBXGroup;
			children = (
				5E75DF8B25C7C45000881C63 /* blackjack */,
				5E75DF8A25C7C45000881C63 /* Products */,
			);
			sourceTree = "<group>";
		};
		5E75DF8A25C7C45000881C63 /* Products */ = {
			isa = PBXGroup;
			children = (
				5E75DF8925C7C45000881C63 /* blackjack.app */,
			);
			name = Products;
			sourceTree = "<group>";
		};
		5E75DF8B25C7C45000881C63 /* blackjack */ = {
			isa = PBXGroup;
			children = (
				5E18A59F25D44A2100374A1D /* tie.mp3 */,
				5E36095025D3B8DF009B7A2C /* moneyBills.mp3 */,
				5E36094D25D3B8DA009B7A2C /* doubleWin.mp3 */,
				5E36094A25D3B8D5009B7A2C /* lose.mp3 */,
				5E36094725D3B8CE009B7A2C /* money.mp3 */,
				5E36094425D3B8C7009B7A2C /* click.mp3 */,
				5E75DF8C25C7C45000881C63 /* blackjackApp.swift */,
				5E75DF8E25C7C45000881C63 /* ContentView.swift */,
				5E36094125D3B8A9009B7A2C /* PlaySound.swift */,
				5E75DF9025C7C45300881C63 /* Assets.xcassets */,
				5E75DF9525C7C45300881C63 /* Info.plist */,
				5E75DF9225C7C45300881C63 /* Preview Content */,
			);
			path = blackjack;
			sourceTree = "<group>";
		};
		5E75DF9225C7C45300881C63 /* Preview Content */ = {
			isa = PBXGroup;
			children = (
				5E75DF9325C7C45300881C63 /* Preview Assets.xcassets */,
			);
			path = "Preview Content";
			sourceTree = "<group>";
		};
/* End PBXGroup section */

/* Begin PBXNativeTarget section */
		5E75DF8825C7C45000881C63 /* blackjack */ = {
			isa = PBXNativeTarget;
			buildConfigurationList = 5E75DF9825C7C45300881C63 /* Build configuration list for PBXNativeTarget "blackjack" */;
			buildPhases = (
				5E75DF8525C7C45000881C63 /* Sources */,
				5E75DF8625C7C45000881C63 /* Frameworks */,
				5E75DF8725C7C45000881C63 /* Resources */,
			);
			buildRules = (
			);
			dependencies = (
			);
			name = blackjack;
			productName = blackjack;
			productReference = 5E75DF8925C7C45000881C63 /* blackjack.app */;
			productType = "com.apple.product-type.application";
		};
/* End PBXNativeTarget section */

/* Begin PBXProject section */
		5E75DF8125C7C45000881C63 /* Project object */ = {
			isa = PBXProject;
			attributes = {
				LastSwiftUpdateCheck = 1230;
				LastUpgradeCheck = 1230;
				TargetAttributes = {
					5E75DF8825C7C45000881C63 = {
						CreatedOnToolsVersion = 12.3;
					};
				};
			};
			buildConfigurationList = 5E75DF8425C7C45000881C63 /* Build configuration list for PBXProject "blackjack" */;
			compatibilityVersion = "Xcode 9.3";
			developmentRegion = en;
			hasScannedForEncodings = 0;
			knownRegions = (
				en,
				Base,
			);
			mainGroup = 5E75DF8025C7C45000881C63;
			productRefGroup = 5E75DF8A25C7C45000881C63 /* Products */;
			projectDirPath = "";
			projectRoot = "";
			targets = (
				5E75DF8825C7C45000881C63 /* blackjack */,
			);
		};
/* End PBXProject section */

/* Begin PBXResourcesBuildPhase section */
		5E75DF8725C7C45000881C63 /* Resources */ = {
			isa = PBXResourcesBuildPhase;
			buildActionMask = 2147483647;
			files = (
				5E36094E25D3B8DA009B7A2C /* doubleWin.mp3 in Resources */,
				5E36094525D3B8C7009B7A2C /* click.mp3 in Resources */,
				5E36094B25D3B8D5009B7A2C /* lose.mp3 in Resources */,
				5E75DF9425C7C45300881C63 /* Preview Assets.xcassets in Resources */,
				5E75DF9125C7C45300881C63 /* Assets.xcassets in Resources */,
				5E36095125D3B8DF009B7A2C /* moneyBills.mp3 in Resources */,
				5E36094825D3B8CE009B7A2C /* money.mp3 in Resources */,
				5E18A5A025D44A2200374A1D /* tie.mp3 in Resources */,
			);
			runOnlyForDeploymentPostprocessing = 0;
		};
/* End PBXResourcesBuildPhase section */

/* Begin PBXSourcesBuildPhase section */
		5E75DF8525C7C45000881C63 /* Sources */ = {
			isa = PBXSourcesBuildPhase;
			buildActionMask = 2147483647;
			files = (
				5E75DF8F25C7C45000881C63 /* ContentView.swift in Sources */,
				5E36094225D3B8A9009B7A2C /* PlaySound.swift in Sources */,
				5E75DF8D25C7C45000881C63 /* blackjackApp.swift in Sources */,
			);
			runOnlyForDeploymentPostprocessing = 0;
		};
/* End PBXSourcesBuildPhase section */

/* Begin XCBuildConfiguration section */
		5E75DF9625C7C45300881C63 /* Debug */ = {
			isa = XCBuildConfiguration;
			buildSettings = {
				ALWAYS_SEARCH_USER_PATHS = NO;
				CLANG_ANALYZER_NONNULL = YES;
				CLANG_ANALYZER_NUMBER_OBJECT_CONVERSION = YES_AGGRESSIVE;
				CLANG_CXX_LANGUAGE_STANDARD = "gnu++14";
				CLANG_CXX_LIBRARY = "libc++";
				CLANG_ENABLE_MODULES = YES;
				CLANG_ENABLE_OBJC_ARC = YES;
				CLANG_ENABLE_OBJC_WEAK = YES;
				CLANG_WARN_BLOCK_CAPTURE_AUTORELEASING = YES;
				CLANG_WARN_BOOL_CONVERSION = YES;
				CLANG_WARN_COMMA = YES;
				CLANG_WARN_CONSTANT_CONVERSION = YES;
				CLANG_WARN_DEPRECATED_OBJC_IMPLEMENTATIONS = YES;
				CLANG_WARN_DIRECT_OBJC_ISA_USAGE = YES_ERROR;
				CLANG_WARN_DOCUMENTATION_COMMENTS = YES;
				CLANG_WARN_EMPTY_BODY = YES;
				CLANG_WARN_ENUM_CONVERSION = YES;
				CLANG_WARN_INFINITE_RECURSION = YES;
				CLANG_WARN_INT_CONVERSION = YES;
				CLANG_WARN_NON_LITERAL_NULL_CONVERSION = YES;
				CLANG_WARN_OBJC_IMPLICIT_RETAIN_SELF = YES;
				CLANG_WARN_OBJC_LITERAL_CONVERSION = YES;
				CLANG_WARN_OBJC_ROOT_CLASS = YES_ERROR;
				CLANG_WARN_QUOTED_INCLUDE_IN_FRAMEWORK_HEADER = YES;
				CLANG_WARN_RANGE_LOOP_ANALYSIS = YES;
				CLANG_WARN_STRICT_PROTOTYPES = YES;
				CLANG_WARN_SUSPICIOUS_MOVE = YES;
				CLANG_WARN_UNGUARDED_AVAILABILITY = YES_AGGRESSIVE;
				CLANG_WARN_UNREACHABLE_CODE = YES;
				CLANG_WARN__DUPLICATE_METHOD_MATCH = YES;
				COPY_PHASE_STRIP = NO;
				DEBUG_INFORMATION_FORMAT = dwarf;
				ENABLE_STRICT_OBJC_MSGSEND = YES;
				ENABLE_TESTABILITY = YES;
				GCC_C_LANGUAGE_STANDARD = gnu11;
				GCC_DYNAMIC_NO_PIC = NO;
				GCC_NO_COMMON_BLOCKS = YES;
				GCC_OPTIMIZATION_LEVEL = 0;
				GCC_PREPROCESSOR_DEFINITIONS = (
					"DEBUG=1",
					"$(inherited)",
				);
				GCC_WARN_64_TO_32_BIT_CONVERSION = YES;
				GCC_WARN_ABOUT_RETURN_TYPE = YES_ERROR;
				GCC_WARN_UNDECLARED_SELECTOR = YES;
				GCC_WARN_UNINITIALIZED_AUTOS = YES_AGGRESSIVE;
				GCC_WARN_UNUSED_FUNCTION = YES;
				GCC_WARN_UNUSED_VARIABLE = YES;
				IPHONEOS_DEPLOYMENT_TARGET = 14.3;
				MTL_ENABLE_DEBUG_INFO = INCLUDE_SOURCE;
				MTL_FAST_MATH = YES;
				ONLY_ACTIVE_ARCH = YES;
				SDKROOT = iphoneos;
				SWIFT_ACTIVE_COMPILATION_CONDITIONS = DEBUG;
				SWIFT_OPTIMIZATION_LEVEL = "-Onone";
			};
			name = Debug;
		};
		5E75DF9725C7C45300881C63 /* Release */ = {
			isa = XCBuildConfiguration;
			buildSettings = {
				ALWAYS_SEARCH_USER_PATHS = NO;
				CLANG_ANALYZER_NONNULL = YES;
				CLANG_ANALYZER_NUMBER_OBJECT_CONVERSION = YES_AGGRESSIVE;
				CLANG_CXX_LANGUAGE_STANDARD = "gnu++14";
				CLANG_CXX_LIBRARY = "libc++";
				CLANG_ENABLE_MODULES = YES;
				CLANG_ENABLE_OBJC_ARC = YES;
				CLANG_ENABLE_OBJC_WEAK = YES;
				CLANG_WARN_BLOCK_CAPTURE_AUTORELEASING = YES;
				CLANG_WARN_BOOL_CONVERSION = YES;
				CLANG_WARN_COMMA = YES;
				CLANG_WARN_CONSTANT_CONVERSION = YES;
				CLANG_WARN_DEPRECATED_OBJC_IMPLEMENTATIONS = YES;
				CLANG_WARN_DIRECT_OBJC_ISA_USAGE = YES_ERROR;
				CLANG_WARN_DOCUMENTATION_COMMENTS = YES;
				CLANG_WARN_EMPTY_BODY = YES;
				CLANG_WARN_ENUM_CONVERSION = YES;
				CLANG_WARN_INFINITE_RECURSION = YES;
				CLANG_WARN_INT_CONVERSION = YES;
				CLANG_WARN_NON_LITERAL_NULL_CONVERSION = YES;
				CLANG_WARN_OBJC_IMPLICIT_RETAIN_SELF = YES;
				CLANG_WARN_OBJC_LITERAL_CONVERSION = YES;
				CLANG_WARN_OBJC_ROOT_CLASS = YES_ERROR;
				CLANG_WARN_QUOTED_INCLUDE_IN_FRAMEWORK_HEADER = YES;
				CLANG_WARN_RANGE_LOOP_ANALYSIS = YES;
				CLANG_WARN_STRICT_PROTOTYPES = YES;
				CLANG_WARN_SUSPICIOUS_MOVE = YES;
				CLANG_WARN_UNGUARDED_AVAILABILITY = YES_AGGRESSIVE;
				CLANG_WARN_UNREACHABLE_CODE = YES;
				CLANG_WARN__DUPLICATE_METHOD_MATCH = YES;
				COPY_PHASE_STRIP = NO;
				DEBUG_INFORMATION_FORMAT = "dwarf-with-dsym";
				ENABLE_NS_ASSERTIONS = NO;
				ENABLE_STRICT_OBJC_MSGSEND = YES;
				GCC_C_LANGUAGE_STANDARD = gnu11;
				GCC_NO_COMMON_BLOCKS = YES;
				GCC_WARN_64_TO_32_BIT_CONVERSION = YES;
				GCC_WARN_ABOUT_RETURN_TYPE = YES_ERROR;
				GCC_WARN_UNDECLARED_SELECTOR = YES;
				GCC_WARN_UNINITIALIZED_AUTOS = YES_AGGRESSIVE;
				GCC_WARN_UNUSED_FUNCTION = YES;
				GCC_WARN_UNUSED_VARIABLE = YES;
				IPHONEOS_DEPLOYMENT_TARGET = 14.3;
				MTL_ENABLE_DEBUG_INFO = NO;
				MTL_FAST_MATH = YES;
				SDKROOT = iphoneos;
				SWIFT_COMPILATION_MODE = wholemodule;
				SWIFT_OPTIMIZATION_LEVEL = "-O";
				VALIDATE_PRODUCT = YES;
			};
			name = Release;
		};
		5E75DF9925C7C45300881C63 /* Debug */ = {
			isa = XCBuildConfiguration;
			buildSettings = {
				ASSETCATALOG_COMPILER_APPICON_NAME = AppIcon;
				ASSETCATALOG_COMPILER_GLOBAL_ACCENT_COLOR_NAME = AccentColor;
				CODE_SIGN_STYLE = Automatic;
				CURRENT_PROJECT_VERSION = 5;
				DEVELOPMENT_ASSET_PATHS = "\"blackjack/Preview Content\"";
				DEVELOPMENT_TEAM = 883DK65VTV;
				ENABLE_PREVIEWS = YES;
				INFOPLIST_FILE = blackjack/Info.plist;
				IPHONEOS_DEPLOYMENT_TARGET = 14.0;
				LD_RUNPATH_SEARCH_PATHS = (
					"$(inherited)",
					"@executable_path/Frameworks",
				);
				PRODUCT_BUNDLE_IDENTIFIER = edu.2021.haley;
				PRODUCT_NAME = "$(TARGET_NAME)";
				SWIFT_VERSION = 5.0;
				TARGETED_DEVICE_FAMILY = "1,2";
			};
			name = Debug;
		};
		5E75DF9A25C7C45300881C63 /* Release */ = {
			isa = XCBuildConfiguration;
			buildSettings = {
				ASSETCATALOG_COMPILER_APPICON_NAME = AppIcon;
				ASSETCATALOG_COMPILER_GLOBAL_ACCENT_COLOR_NAME = AccentColor;
				CODE_SIGN_STYLE = Automatic;
				CURRENT_PROJECT_VERSION = 5;
				DEVELOPMENT_ASSET_PATHS = "\"blackjack/Preview Content\"";
				DEVELOPMENT_TEAM = 883DK65VTV;
				ENABLE_PREVIEWS = YES;
				INFOPLIST_FILE = blackjack/Info.plist;
				IPHONEOS_DEPLOYMENT_TARGET = 14.0;
				LD_RUNPATH_SEARCH_PATHS = (
					"$(inherited)",
					"@executable_path/Frameworks",
				);
				PRODUCT_BUNDLE_IDENTIFIER = edu.2021.haley;
				PRODUCT_NAME = "$(TARGET_NAME)";
				SWIFT_VERSION = 5.0;
				TARGETED_DEVICE_FAMILY = "1,2";
			};
			name = Release;
		};
/* End XCBuildConfiguration section */

/* Begin XCConfigurationList section */
		5E75DF8425C7C45000881C63 /* Build configuration list for PBXProject "blackjack" */ = {
			isa = XCConfigurationList;
			buildConfigurations = (
				5E75DF9625C7C45300881C63 /* Debug */,
				5E75DF9725C7C45300881C63 /* Release */,
			);
			defaultConfigurationIsVisible = 0;
			defaultConfigurationName = Release;
		};
		5E75DF9825C7C45300881C63 /* Build configuration list for PBXNativeTarget "blackjack" */ = {
			isa = XCConfigurationList;
			buildConfigurations = (
				5E75DF9925C7C45300881C63 /* Debug */,
				5E75DF9A25C7C45300881C63 /* Release */,
			);
			defaultConfigurationIsVisible = 0;
			defaultConfigurationName = Release;
		};
/* End XCConfigurationList section */
	};
	rootObject = 5E75DF8125C7C45000881C63 /* Project object */;
}
